
Microsoft Visual Studio Solution File, Format Version 12.00
# Visual Studio Version 16
VisualStudioVersion = 16.0.31005.135
MinimumVisualStudioVersion = 10.0.40219.1
Project("{FAE04EC0-301F-11D3-BF4B-00C04F79EFBC}") = "YoutubeConsole", "YoutubeConsole\YoutubeConsole.csproj", "{6F4819D3-6E7B-474D-A395-6860901C8483}"
EndProject
Global
	GlobalSection(SolutionConfigurationPlatforms) = preSolution
		Debug|Any CPU = Debug|Any CPU
		Release|Any CPU = Release|Any CPU
	EndGlobalSection
	GlobalSection(ProjectConfigurationPlatforms) = postSolution
		{6F4819D3-6E7B-474D-A395-6860901C8483}.Debug|Any CPU.ActiveCfg = Debug|Any CPU
		{6F4819D3-6E7B-474D-A395-6860901C8483}.Debug|Any CPU.Build.0 = Debug|Any CPU
		{6F4819D3-6E7B-474D-A395-6860901C8483}.Release|Any CPU.ActiveCfg = Release|Any CPU
		{6F4819D3-6E7B-474D-A395-6860901C8483}.Release|Any CPU.Build.0 = Release|Any CPU
	EndGlobalSection
	GlobalSection(SolutionProperties) = preSolution
		HideSolutionNode = FALSE
	EndGlobalSection
	GlobalSection(ExtensibilityGlobals) = postSolution
		SolutionGuid = {AD90DD8E-1BB9-4F63-99B3-9D85CCC0C16F}
	EndGlobalSection
EndGlobal
